
Microsoft Visual Studio Solution File, Format Version 12.00
# Visual Studio Version 17
VisualStudioVersion = 17.10.35027.167
MinimumVisualStudioVersion = 10.0.40219.1
Project("{FAE04EC0-301F-11D3-BF4B-00C04F79EFBC}") = "RotatingWallpaperCSharp", "RotatingWallpaperCSharp.csproj", "{EE1FC5AE-09EE-4804-8B86-4A2651735A1A}"
EndProject
Global
	GlobalSection(SolutionConfigurationPlatforms) = preSolution
		Debug|Any CPU = Debug|Any CPU
		Release|Any CPU = Release|Any CPU
	EndGlobalSection
	GlobalSection(ProjectConfigurationPlatforms) = postSolution
		{EE1FC5AE-09EE-4804-8B86-4A2651735A1A}.Debug|Any CPU.ActiveCfg = Debug|Any CPU
		{EE1FC5AE-09EE-4804-8B86-4A2651735A1A}.Debug|Any CPU.Build.0 = Debug|Any CPU
		{EE1FC5AE-09EE-4804-8B86-4A2651735A1A}.Release|Any CPU.ActiveCfg = Release|Any CPU
		{EE1FC5AE-09EE-4804-8B86-4A2651735A1A}.Release|Any CPU.Build.0 = Release|Any CPU
	EndGlobalSection
	GlobalSection(SolutionProperties) = preSolution
		HideSolutionNode = FALSE
	EndGlobalSection
	GlobalSection(ExtensibilityGlobals) = postSolution
		SolutionGuid = {09EE20D9-C499-4B44-97E1-021FB4186B18}
	EndGlobalSection
EndGlobal
